
Microsoft Visual Studio Solution File, Format Version 12.00
Project("{FAE04EC0-301F-11D3-BF4B-00C04F79EFBC}") = "Dicom.Anonymizer", "Dicom.Anonymizer\Dicom.Anonymizer.csproj", "{D893DA16-D4E4-4C91-8D25-423E40C96B8B}"
EndProject
Global
	GlobalSection(SolutionConfigurationPlatforms) = preSolution
		Debug|Any CPU = Debug|Any CPU
		Release|Any CPU = Release|Any CPU
	EndGlobalSection
	GlobalSection(ProjectConfigurationPlatforms) = postSolution
		{D893DA16-D4E4-4C91-8D25-423E40C96B8B}.Debug|Any CPU.ActiveCfg = Debug|Any CPU
		{D893DA16-D4E4-4C91-8D25-423E40C96B8B}.Debug|Any CPU.Build.0 = Debug|Any CPU
		{D893DA16-D4E4-4C91-8D25-423E40C96B8B}.Release|Any CPU.ActiveCfg = Release|Any CPU
		{D893DA16-D4E4-4C91-8D25-423E40C96B8B}.Release|Any CPU.Build.0 = Release|Any CPU
	EndGlobalSection
EndGlobal
